
Microsoft Visual Studio Solution File, Format Version 12.00
# Visual Studio Version 17
VisualStudioVersion = 17.9.34902.65
MinimumVisualStudioVersion = 10.0.40219.1
Project("{FAE04EC0-301F-11D3-BF4B-00C04F79EFBC}") = "Web-Cripto-2doParcial", "Web-Cripto-2doParcial.csproj", "{EB467824-EB8B-40AC-A2D8-C91D0B2B8117}"
EndProject
Global
	GlobalSection(SolutionConfigurationPlatforms) = preSolution
		Debug|Any CPU = Debug|Any CPU
		Release|Any CPU = Release|Any CPU
	EndGlobalSection
	GlobalSection(ProjectConfigurationPlatforms) = postSolution
		{EB467824-EB8B-40AC-A2D8-C91D0B2B8117}.Debug|Any CPU.ActiveCfg = Debug|Any CPU
		{EB467824-EB8B-40AC-A2D8-C91D0B2B8117}.Debug|Any CPU.Build.0 = Debug|Any CPU
		{EB467824-EB8B-40AC-A2D8-C91D0B2B8117}.Release|Any CPU.ActiveCfg = Release|Any CPU
		{EB467824-EB8B-40AC-A2D8-C91D0B2B8117}.Release|Any CPU.Build.0 = Release|Any CPU
	EndGlobalSection
	GlobalSection(SolutionProperties) = preSolution
		HideSolutionNode = FALSE
	EndGlobalSection
	GlobalSection(ExtensibilityGlobals) = postSolution
		SolutionGuid = {9A6597C3-8C5B-4957-90DB-BF22A8F0CBEE}
	EndGlobalSection
EndGlobal
